
Microsoft Visual Studio Solution File, Format Version 12.00
# Visual Studio Version 16
VisualStudioVersion = 16.0.30523.141
MinimumVisualStudioVersion = 10.0.40219.1
Project("{FAE04EC0-301F-11D3-BF4B-00C04F79EFBC}") = "01-ByteBank", "01-ByteBank\01-ByteBank.csproj", "{2A3A8DA7-9599-4C7C-A345-DD5981920B3E}"
EndProject
Project("{FAE04EC0-301F-11D3-BF4B-00C04F79EFBC}") = "02-ByteBank", "02-ByteBank\02-ByteBank.csproj", "{74F91A86-DCAE-42F2-B6C2-E2B5B2BF9277}"
EndProject
Project("{FAE04EC0-301F-11D3-BF4B-00C04F79EFBC}") = "03-ByteBank", "03-ByteBank\03-ByteBank.csproj", "{AC850075-C112-4F36-82BF-00C817D6B4EA}"
EndProject
Project("{FAE04EC0-301F-11D3-BF4B-00C04F79EFBC}") = "04-ByteBank", "04-ByteBank\04-ByteBank.csproj", "{954286B9-4164-42D8-AC52-8CAAC153F868}"
EndProject
Project("{FAE04EC0-301F-11D3-BF4B-00C04F79EFBC}") = "05-ByteBank", "05-ByteBank\05-ByteBank.csproj", "{7E2B7066-C7D2-4F34-A864-9286F582EF49}"
EndProject
Project("{FAE04EC0-301F-11D3-BF4B-00C04F79EFBC}") = "06-ByteBank", "06-ByteBank\06-ByteBank.csproj", "{099F6D16-F344-4F09-9C8D-9481352883F9}"
EndProject
Project("{FAE04EC0-301F-11D3-BF4B-00C04F79EFBC}") = "07-ByteBank", "07-ByteBank\07-ByteBank.csproj", "{ED0B0A88-A1AA-4F9F-9F64-4E7CE01A738A}"
EndProject
Global
	GlobalSection(SolutionConfigurationPlatforms) = preSolution
		Debug|Any CPU = Debug|Any CPU
		Release|Any CPU = Release|Any CPU
	EndGlobalSection
	GlobalSection(ProjectConfigurationPlatforms) = postSolution
		{2A3A8DA7-9599-4C7C-A345-DD5981920B3E}.Debug|Any CPU.ActiveCfg = Debug|Any CPU
		{2A3A8DA7-9599-4C7C-A345-DD5981920B3E}.Debug|Any CPU.Build.0 = Debug|Any CPU
		{2A3A8DA7-9599-4C7C-A345-DD5981920B3E}.Release|Any CPU.ActiveCfg = Release|Any CPU
		{2A3A8DA7-9599-4C7C-A345-DD5981920B3E}.Release|Any CPU.Build.0 = Release|Any CPU
		{74F91A86-DCAE-42F2-B6C2-E2B5B2BF9277}.Debug|Any CPU.ActiveCfg = Debug|Any CPU
		{74F91A86-DCAE-42F2-B6C2-E2B5B2BF9277}.Debug|Any CPU.Build.0 = Debug|Any CPU
		{74F91A86-DCAE-42F2-B6C2-E2B5B2BF9277}.Release|Any CPU.ActiveCfg = Release|Any CPU
		{74F91A86-DCAE-42F2-B6C2-E2B5B2BF9277}.Release|Any CPU.Build.0 = Release|Any CPU
		{AC850075-C112-4F36-82BF-00C817D6B4EA}.Debug|Any CPU.ActiveCfg = Debug|Any CPU
		{AC850075-C112-4F36-82BF-00C817D6B4EA}.Debug|Any CPU.Build.0 = Debug|Any CPU
		{AC850075-C112-4F36-82BF-00C817D6B4EA}.Release|Any CPU.ActiveCfg = Release|Any CPU
		{AC850075-C112-4F36-82BF-00C817D6B4EA}.Release|Any CPU.Build.0 = Release|Any CPU
		{954286B9-4164-42D8-AC52-8CAAC153F868}.Debug|Any CPU.ActiveCfg = Debug|Any CPU
		{954286B9-4164-42D8-AC52-8CAAC153F868}.Debug|Any CPU.Build.0 = Debug|Any CPU
		{954286B9-4164-42D8-AC52-8CAAC153F868}.Release|Any CPU.ActiveCfg = Release|Any CPU
		{954286B9-4164-42D8-AC52-8CAAC153F868}.Release|Any CPU.Build.0 = Release|Any CPU
		{7E2B7066-C7D2-4F34-A864-9286F582EF49}.Debug|Any CPU.ActiveCfg = Debug|Any CPU
		{7E2B7066-C7D2-4F34-A864-9286F582EF49}.Debug|Any CPU.Build.0 = Debug|Any CPU
		{7E2B7066-C7D2-4F34-A864-9286F582EF49}.Release|Any CPU.ActiveCfg = Release|Any CPU
		{7E2B7066-C7D2-4F34-A864-9286F582EF49}.Release|Any CPU.Build.0 = Release|Any CPU
		{099F6D16-F344-4F09-9C8D-9481352883F9}.Debug|Any CPU.ActiveCfg = Debug|Any CPU
		{099F6D16-F344-4F09-9C8D-9481352883F9}.Debug|Any CPU.Build.0 = Debug|Any CPU
		{099F6D16-F344-4F09-9C8D-9481352883F9}.Release|Any CPU.ActiveCfg = Release|Any CPU
		{099F6D16-F344-4F09-9C8D-9481352883F9}.Release|Any CPU.Build.0 = Release|Any CPU
		{ED0B0A88-A1AA-4F9F-9F64-4E7CE01A738A}.Debug|Any CPU.ActiveCfg = Debug|Any CPU
		{ED0B0A88-A1AA-4F9F-9F64-4E7CE01A738A}.Debug|Any CPU.Build.0 = Debug|Any CPU
		{ED0B0A88-A1AA-4F9F-9F64-4E7CE01A738A}.Release|Any CPU.ActiveCfg = Release|Any CPU
		{ED0B0A88-A1AA-4F9F-9F64-4E7CE01A738A}.Release|Any CPU.Build.0 = Release|Any CPU
	EndGlobalSection
	GlobalSection(SolutionProperties) = preSolution
		HideSolutionNode = FALSE
	EndGlobalSection
	GlobalSection(ExtensibilityGlobals) = postSolution
		SolutionGuid = {2522545A-F0E2-425F-A25C-AC9FABD725BE}
	EndGlobalSection
EndGlobal
